{
  "lockfile_version": "1",
  "packages": {
    "git@latest": {
      "last_modified": "2026-01-23T17:20:52Z",
      "resolved": "github:NixOS/nixpkgs/a1bab9e494f5f4939442a57a58d0449a109593fe#git",
      "source": "devbox-search",
      "version": "2.52.0",
      "systems": {
        "aarch64-darwin": {
          "outputs": [
            {
              "name": "out",
              "path": "/nix/store/vnhprisb777byfjpp5mdd0mxwkpvhbc0-git-2.52.0",
              "default": true
            },
            {
              "name": "doc",
              "path": "/nix/store/p0dx3053175fpr3kjf0fqgs9x6gm3dri-git-2.52.0-doc"
            }
          ],
          "store_path": "/nix/store/vnhprisb777byfjpp5mdd0mxwkpvhbc0-git-2.52.0"
        },
        "aarch64-linux": {
          "outputs": [
            {
              "name": "out",
              "path": "/nix/store/sd4bjblxfljbm13mpl50x8g336gw2dri-git-2.52.0",
              "default": true
            },
            {
              "name": "debug",
              "path": "/nix/store/cx033x4nmr12d9dcn8hxjfrajc3983f0-git-2.52.0-debug"
            },
            {
              "name": "doc",
              "path": "/nix/store/ylsmgdrnp78p8hn7n9lxpada78dka41v-git-2.52.0-doc"
            }
          ],
          "store_path": "/nix/store/sd4bjblxfljbm13mpl50x8g336gw2dri-git-2.52.0"
        },
        "x86_64-darwin": {
          "outputs": [
            {
              "name": "out",
              "path": "/nix/store/sr42bfqa0pc2ysba678mrm49g78jdynp-git-2.52.0",
              "default": true
            },
            {
              "name": "doc",
              "path": "/nix/store/fky0ci2bhwgyh9klg5682pmqswqg7wk4-git-2.52.0-doc"
            }
          ],
          "store_path": "/nix/store/sr42bfqa0pc2ysba678mrm49g78jdynp-git-2.52.0"
        },
        "x86_64-linux": {
          "outputs": [
            {
              "name": "out",
              "path": "/nix/store/ipwndaag56mm8g8gn8j98z0jvn8x4mk1-git-2.52.0",
              "default": true
            },
            {
              "name": "debug",
              "path": "/nix/store/zd8di23fmzjwrhb5ij1bjnlfqkx9j7d6-git-2.52.0-debug"
            },
            {
              "name": "doc",
              "path": "/nix/store/d8kc4kqzcrbcj92msxrpdsdjglh2q5gp-git-2.52.0-doc"
            }
          ],
          "store_path": "/nix/store/ipwndaag56mm8g8gn8j98z0jvn8x4mk1-git-2.52.0"
        }
      }
    },
    "github:NixOS/nixpkgs/nixpkgs-unstable": {
      "last_modified": "2026-02-04T01:49:30Z",
      "resolved": "github:NixOS/nixpkgs/aa290c9891fa4ebe88f8889e59633d20cc06a5f2?lastModified=1770169770&narHash=sha256-awR8qIwJxJJiOmcEGgP2KUqYmHG4v%2Fz8XpL9z8FnT1A%3D"
    },
    "gnumake@latest": {
      "last_modified": "2026-01-24T15:20:28Z",
      "resolved": "github:NixOS/nixpkgs/ab9fbbcf4858bd6d40ba2bbec37ceb4ab6e1f562#gnumake",
      "source": "devbox-search",
      "version": "4.4.1",
      "systems": {
        "aarch64-darwin": {
          "outputs": [
            {
              "name": "out",
              "path": "/nix/store/cz4rjcd28s9qqk2zcnn9d8pgs5l6qqy9-gnumake-4.4.1",
              "default": true
            },
            {
              "name": "man",
              "path": "/nix/store/2cd4idcvj4fnn4ss1ffz9fqagfhvjpy1-gnumake-4.4.1-man",
              "default": true
            },
            {
              "name": "doc",
              "path": "/nix/store/8cnmyqhnlxpl7k9z15cridfdd9kka64b-gnumake-4.4.1-doc"
            },
            {
              "name": "info",
              "path": "/nix/store/jar06k1k53zsig2iah8vaw1y9r0wxa55-gnumake-4.4.1-info"
            }
          ],
          "store_path": "/nix/store/cz4rjcd28s9qqk2zcnn9d8pgs5l6qqy9-gnumake-4.4.1"
        },
        "aarch64-linux": {
          "outputs": [
            {
              "name": "out",
              "path": "/nix/store/z9wllcd2plhx8863ka0zfh0mffxm6jir-gnumake-4.4.1",
              "default": true
            },
            {
              "name": "man",
              "path": "/nix/store/i0rnnv9fm87c0228z34pgvk24ifqn6bm-gnumake-4.4.1-man",
              "default": true
            },
            {
              "name": "debug",
              "path": "/nix/store/4wnafz38wr2jld58vr5j41b6mc4n26r6-gnumake-4.4.1-debug"
            },
            {
              "name": "doc",
              "path": "/nix/store/15r3aanv0lh7mqi1gm3l8blpcnp05qzy-gnumake-4.4.1-doc"
            },
            {
              "name": "info",
              "path": "/nix/store/gjd78rqz1k94n1c2s2kip126f8gjbb6g-gnumake-4.4.1-info"
            }
          ],
          "store_path": "/nix/store/z9wllcd2plhx8863ka0zfh0mffxm6jir-gnumake-4.4.1"
        },
        "x86_64-darwin": {
          "outputs": [
            {
              "name": "out",
              "path": "/nix/store/sqp22z2pm7s7n0wb3al4c3h47shw5aic-gnumake-4.4.1",
              "default": true
            },
            {
              "name": "man",
              "path": "/nix/store/x7p2q0wx9828p9n8r3pisbijncsfphvr-gnumake-4.4.1-man",
              "default": true
            },
            {
              "name": "doc",
              "path": "/nix/store/2kpsfrqzyr0kzckkdjbqnsdcz2d719lk-gnumake-4.4.1-doc"
            },
            {
              "name": "info",
              "path": "/nix/store/jlb9r2mzq8660lhn9my1pgri15jiqljq-gnumake-4.4.1-info"
            }
          ],
          "store_path": "/nix/store/sqp22z2pm7s7n0wb3al4c3h47shw5aic-gnumake-4.4.1"
        },
        "x86_64-linux": {
          "outputs": [
            {
              "name": "out",
              "path": "/nix/store/5lyy21zm97pj8l67r2xapdkxpxb6v6y0-gnumake-4.4.1",
              "default": true
            },
            {
              "name": "man",
              "path": "/nix/store/an38a5jy0ivp1504yjbzgl4prvhjnix7-gnumake-4.4.1-man",
              "default": true
            },
            {
              "name": "debug",
              "path": "/nix/store/fa0f3msdrc5il96nn5qvrbhf6779vvh1-gnumake-4.4.1-debug"
            },
            {
              "name": "doc",
              "path": "/nix/store/j2vz6gm38023yfg359cnawzvabqc0w9v-gnumake-4.4.1-doc"
            },
            {
              "name": "info",
              "path": "/nix/store/2pqq9mdchp0s0cgl1qqql38v502kbdi1-gnumake-4.4.1-info"
            }
          ],
          "store_path": "/nix/store/5lyy21zm97pj8l67r2xapdkxpxb6v6y0-gnumake-4.4.1"
        }
      }
    },
    "go@1.23": {
      "last_modified": "2025-08-08T08:05:48Z",
      "resolved": "github:NixOS/nixpkgs/a3f3e3f2c983e957af6b07a1db98bafd1f87b7a1#go_1_23",
      "source": "devbox-search",
      "version": "1.23.12",
      "systems": {
        "aarch64-darwin": {
          "outputs": [
            {
              "name": "out",
              "path": "/nix/store/ls7j3c95gdy2s5zzlzy751zgly53gs4c-go-1.23.12",
              "default": true
            }
          ],
          "store_path": "/nix/store/ls7j3c95gdy2s5zzlzy751zgly53gs4c-go-1.23.12"
        },
        "aarch64-linux": {
          "outputs": [
            {
              "name": "out",
              "path": "/nix/store/482v99lr94jxbx0c44dyydhxjhzs8na1-go-1.23.12",
              "default": true
            }
          ],
          "store_path": "/nix/store/482v99lr94jxbx0c44dyydhxjhzs8na1-go-1.23.12"
        },
        "x86_64-darwin": {
          "outputs": [
            {
              "name": "out",
              "path": "/nix/store/4xnvg72xnfsyrm426wn91rb594s507ja-go-1.23.12",
              "default": true
            }
          ],
          "store_path": "/nix/store/4xnvg72xnfsyrm426wn91rb594s507ja-go-1.23.12"
        },
        "x86_64-linux": {
          "outputs": [
            {
              "name": "out",
              "path": "/nix/store/nmmw1c5mwf7mzlbk5rnpm1gxvzh6jjw4-go-1.23.12",
              "default": true
            }
          ],
          "store_path": "/nix/store/nmmw1c5mwf7mzlbk5rnpm1gxvzh6jjw4-go-1.23.12"
        }
      }
    },
    "golangci-lint@latest": {
      "last_modified": "2026-01-23T17:20:52Z",
      "resolved": "github:NixOS/nixpkgs/a1bab9e494f5f4939442a57a58d0449a109593fe#golangci-lint",
      "source": "devbox-search",
      "version": "2.8.0",
      "systems": {
        "aarch64-darwin": {
          "outputs": [
            {
              "name": "out",
              "path": "/nix/store/ci7qq9jsgk0v1f0pzs7kb0v9rk5zwyck-golangci-lint-2.8.0",
              "default": true
            }
          ],
          "store_path": "/nix/store/ci7qq9jsgk0v1f0pzs7kb0v9rk5zwyck-golangci-lint-2.8.0"
        },
        "aarch64-linux": {
          "outputs": [
            {
              "name": "out",
              "path": "/nix/store/ly2sk4i2qj8gfb0l7m5sxvyv7c8rn273-golangci-lint-2.8.0",
              "default": true
            }
          ],
          "store_path": "/nix/store/ly2sk4i2qj8gfb0l7m5sxvyv7c8rn273-golangci-lint-2.8.0"
        },
        "x86_64-darwin": {
          "outputs": [
            {
              "name": "out",
              "path": "/nix/store/r1m8175dhby0agi1r43ic2scrphsjnlb-golangci-lint-2.8.0",
              "default": true
            }
          ],
          "store_path": "/nix/store/r1m8175dhby0agi1r43ic2scrphsjnlb-golangci-lint-2.8.0"
        },
        "x86_64-linux": {
          "outputs": [
            {
              "name": "out",
              "path": "/nix/store/kj9ibnlg1p3macpcw8lm4rhpcwgfjal1-golangci-lint-2.8.0",
              "default": true
            }
          ],
          "store_path": "/nix/store/kj9ibnlg1p3macpcw8lm4rhpcwgfjal1-golangci-lint-2.8.0"
        }
      }
    },
    "gopls@latest": {
      "last_modified": "2026-01-23T17:20:52Z",
      "resolved": "github:NixOS/nixpkgs/a1bab9e494f5f4939442a57a58d0449a109593fe#gopls",
      "source": "devbox-search",
      "version": "0.21.0",
      "systems": {
        "aarch64-darwin": {
          "outputs": [
            {
              "name": "out",
              "path": "/nix/store/6v1b50zvb6jw5dji6a48l3di2gf52dqm-gopls-0.21.0",
              "default": true
            }
          ],
          "store_path": "/nix/store/6v1b50zvb6jw5dji6a48l3di2gf52dqm-gopls-0.21.0"
        },
        "aarch64-linux": {
          "outputs": [
            {
              "name": "out",
              "path": "/nix/store/qkzgz3l3yv3m409rjswffmkjx615ivsz-gopls-0.21.0",
              "default": true
            }
          ],
          "store_path": "/nix/store/qkzgz3l3yv3m409rjswffmkjx615ivsz-gopls-0.21.0"
        },
        "x86_64-darwin": {
          "outputs": [
            {
              "name": "out",
              "path": "/nix/store/h0m9cqbzvzcnrbz0l87r2jm60fkwy4qq-gopls-0.21.0",
              "default": true
            }
          ],
          "store_path": "/nix/store/h0m9cqbzvzcnrbz0l87r2jm60fkwy4qq-gopls-0.21.0"
        },
        "x86_64-linux": {
          "outputs": [
            {
              "name": "out",
              "path": "/nix/store/3bfgzysvkjwf4rdpbnn4jb4ly21m1khd-gopls-0.21.0",
              "default": true
            }
          ],
          "store_path": "/nix/store/3bfgzysvkjwf4rdpbnn4jb4ly21m1khd-gopls-0.21.0"
        }
      }
    },
    "lefthook@latest": {
      "last_modified": "2026-01-30T02:32:49Z",
      "resolved": "github:NixOS/nixpkgs/6308c3b21396534d8aaeac46179c14c439a89b8a#lefthook",
      "source": "devbox-search",
      "version": "2.0.16",
      "systems": {
        "aarch64-darwin": {
          "outputs": [
            {
              "name": "out",
              "path": "/nix/store/xx0g9njh96k6z62vmxbw93v0rq5znysj-lefthook-2.0.16",
              "default": true
            }
          ],
          "store_path": "/nix/store/xx0g9njh96k6z62vmxbw93v0rq5znysj-lefthook-2.0.16"
        },
        "aarch64-linux": {
          "outputs": [
            {
              "name": "out",
              "path": "/nix/store/kyrs5njcndv094vgsygjkyv00ig2lpd1-lefthook-2.0.16",
              "default": true
            }
          ],
          "store_path": "/nix/store/kyrs5njcndv094vgsygjkyv00ig2lpd1-lefthook-2.0.16"
        },
        "x86_64-darwin": {
          "outputs": [
            {
              "name": "out",
              "path": "/nix/store/fyjrfq6508ggjs1v878h8dnw3xf1zap1-lefthook-2.0.16",
              "default": true
            }
          ],
          "store_path": "/nix/store/fyjrfq6508ggjs1v878h8dnw3xf1zap1-lefthook-2.0.16"
        },
        "x86_64-linux": {
          "outputs": [
            {
              "name": "out",
              "path": "/nix/store/gxn5sizgwy54ffss78sgj9rg1wc28k4f-lefthook-2.0.16",
              "default": true
            }
          ],
          "store_path": "/nix/store/gxn5sizgwy54ffss78sgj9rg1wc28k4f-lefthook-2.0.16"
        }
      }
    }
  }
}
